
Microsoft Visual Studio Solution File, Format Version 12.00
# Visual Studio Version 17
VisualStudioVersion = 17.7.34009.444
MinimumVisualStudioVersion = 10.0.40219.1
Project("{9A19103F-16F7-4668-BE54-9A1E7A4F7556}") = "music-taste-judger", "music-taste-judger\music-taste-judger.csproj", "{12B02DC1-E98A-4516-85BB-F432886C53F9}"
EndProject
Project("{2150E333-8FDC-42A3-9474-1A3956D46DE8}") = "Solution Items", "Solution Items", "{48BCEEA8-45E7-43C6-AA1F-B91018224457}"
	ProjectSection(SolutionItems) = preProject
		test_json.json = test_json.json
	EndProjectSection
EndProject
Global
	GlobalSection(SolutionConfigurationPlatforms) = preSolution
		Debug|Any CPU = Debug|Any CPU
		Release|Any CPU = Release|Any CPU
	EndGlobalSection
	GlobalSection(ProjectConfigurationPlatforms) = postSolution
		{12B02DC1-E98A-4516-85BB-F432886C53F9}.Debug|Any CPU.ActiveCfg = Debug|Any CPU
		{12B02DC1-E98A-4516-85BB-F432886C53F9}.Debug|Any CPU.Build.0 = Debug|Any CPU
		{12B02DC1-E98A-4516-85BB-F432886C53F9}.Release|Any CPU.ActiveCfg = Release|Any CPU
		{12B02DC1-E98A-4516-85BB-F432886C53F9}.Release|Any CPU.Build.0 = Release|Any CPU
	EndGlobalSection
	GlobalSection(SolutionProperties) = preSolution
		HideSolutionNode = FALSE
	EndGlobalSection
	GlobalSection(ExtensibilityGlobals) = postSolution
		SolutionGuid = {11E9F8C4-CD5E-495F-8689-0C997EA719F9}
	EndGlobalSection
EndGlobal
